// !$*UTF8*$!
{
	archiveVersion = 1;
	classes = {
	};
	objectVersion = 77;
	objects = {

/* Begin PBXBuildFile section */
		CD922D9F2F0E3919002CF21F /* GRDB in Frameworks */ = {isa = PBXBuildFile; productRef = CD922D9E2F0E3919002CF21F /* GRDB */; };
		CD922DA32F0E3BB4002CF21F /* GRDB in Frameworks */ = {isa = PBXBuildFile; productRef = CD922DA22F0E3BB4002CF21F /* GRDB */; };
		CD922DA62F0E3919002CF21F /* Logging in Frameworks */ = {isa = PBXBuildFile; productRef = CD922DA52F0E3919002CF21F /* Logging */; };
		CDD0B4AA2F07B688002D09F7 /* Auth in Frameworks */ = {isa = PBXBuildFile; productRef = CDD3C1612EFFB80000000002 /* Auth */; };
		CDD0B4AB2F07B688002D09F7 /* Supabase in Frameworks */ = {isa = PBXBuildFile; productRef = CDD3C1622EFFB80000000003 /* Supabase */; };
		CDD3C1582EFFB73700CDEC43 /* UnboundWidgetExtension.appex in Embed Foundation Extensions */ = {isa = PBXBuildFile; fileRef = CDD3C1502EFFB73700CDEC43 /* UnboundWidgetExtension.appex */; settings = {ATTRIBUTES = (RemoveHeadersOnCopy, ); }; };
		CE10A0012F30000100200001 /* Ably in Frameworks */ = {isa = PBXBuildFile; productRef = CE10A0002F30000100200001 /* Ably */; };
		CE20B0012F40000100300001 /* MobileClaudeCodeConversationTimeline in Frameworks */ = {isa = PBXBuildFile; productRef = CE20B0022F40000100300001 /* MobileClaudeCodeConversationTimeline */; };
		D1A1E0032F31000100A10001 /* XCTest.framework in Frameworks */ = {isa = PBXBuildFile; fileRef = D1A1E0022F31000100A10001 /* XCTest.framework */; };
/* End PBXBuildFile section */

/* Begin PBXContainerItemProxy section */
		CDD3C1552EFFB73700CDEC43 /* PBXContainerItemProxy */ = {
			isa = PBXContainerItemProxy;
			containerPortal = CDD3C1352EFFB73600CDEC43 /* Project object */;
			proxyType = 1;
			remoteGlobalIDString = CDD3C1562EFFB73700CDEC43;
			remoteInfo = UnboundWidgetExtension;
		};
		D1A1E0082F31000100A10001 /* PBXContainerItemProxy */ = {
			isa = PBXContainerItemProxy;
			containerPortal = CDD3C1352EFFB73600CDEC43 /* Project object */;
			proxyType = 1;
			remoteGlobalIDString = CDD3C13C2EFFB73600CDEC43;
			remoteInfo = "unbound-ios";
		};
/* End PBXContainerItemProxy section */

/* Begin PBXCopyFilesBuildPhase section */
		CDD3C1572EFFB73700CDEC43 /* Embed Foundation Extensions */ = {
			isa = PBXCopyFilesBuildPhase;
			buildActionMask = 2147483647;
			dstPath = "";
			dstSubfolderSpec = 13;
			files = (
				CDD3C1582EFFB73700CDEC43 /* UnboundWidgetExtension.appex in Embed Foundation Extensions */,
			);
			name = "Embed Foundation Extensions";
			runOnlyForDeploymentPostprocessing = 0;
		};
/* End PBXCopyFilesBuildPhase section */

/* Begin PBXFileReference section */
		CDD3C13D2EFFB73600CDEC43 /* unbound-ios.app */ = {isa = PBXFileReference; explicitFileType = wrapper.application; includeInIndex = 0; path = "unbound-ios.app"; sourceTree = BUILT_PRODUCTS_DIR; };
		CDD3C1502EFFB73700CDEC43 /* UnboundWidgetExtension.appex */ = {isa = PBXFileReference; explicitFileType = "wrapper.app-extension"; includeInIndex = 0; path = UnboundWidgetExtension.appex; sourceTree = BUILT_PRODUCTS_DIR; };
		D1A1E0012F31000100A10001 /* unbound-iosTests.xctest */ = {isa = PBXFileReference; explicitFileType = wrapper.cfbundle; includeInIndex = 0; path = "unbound-iosTests.xctest"; sourceTree = BUILT_PRODUCTS_DIR; };
		D1A1E0022F31000100A10001 /* XCTest.framework */ = {isa = PBXFileReference; lastKnownFileType = wrapper.framework; name = XCTest.framework; path = System/Library/Frameworks/XCTest.framework; sourceTree = SDKROOT; };
/* End PBXFileReference section */

/* Begin PBXFileSystemSynchronizedBuildFileExceptionSet section */
		CDD3C15D2EFFB73700CDEC43 /* Exceptions for "UnboundWidget" folder in "UnboundWidgetExtension" target */ = {
			isa = PBXFileSystemSynchronizedBuildFileExceptionSet;
			membershipExceptions = (
				Info.plist,
			);
			target = CDD3C1562EFFB73700CDEC43 /* UnboundWidgetExtension */;
		};
/* End PBXFileSystemSynchronizedBuildFileExceptionSet section */

/* Begin PBXFileSystemSynchronizedRootGroup section */
		CDD3C13F2EFFB73600CDEC43 /* unbound-ios */ = {
			isa = PBXFileSystemSynchronizedRootGroup;
			path = "unbound-ios";
			sourceTree = "<group>";
		};
		CDD3C1512EFFB73700CDEC43 /* UnboundWidget */ = {
			isa = PBXFileSystemSynchronizedRootGroup;
			exceptions = (
				CDD3C15D2EFFB73700CDEC43 /* Exceptions for "UnboundWidget" folder in "UnboundWidgetExtension" target */,
			);
			path = UnboundWidget;
			sourceTree = "<group>";
		};
		D1A1E0042F31000100A10001 /* unbound-iosTests */ = {
			isa = PBXFileSystemSynchronizedRootGroup;
			path = "unbound-iosTests";
			sourceTree = "<group>";
		};
/* End PBXFileSystemSynchronizedRootGroup section */

/* Begin PBXFrameworksBuildPhase section */
		CDD3C13A2EFFB73600CDEC43 /* Frameworks */ = {
			isa = PBXFrameworksBuildPhase;
			buildActionMask = 2147483647;
			files = (
				CE10A0012F30000100200001 /* Ably in Frameworks */,
				CD922D9F2F0E3919002CF21F /* GRDB in Frameworks */,
				CDD0B4AB2F07B688002D09F7 /* Supabase in Frameworks */,
				CDD0B4AA2F07B688002D09F7 /* Auth in Frameworks */,
				CD922DA62F0E3919002CF21F /* Logging in Frameworks */,
				CE20B0012F40000100300001 /* MobileClaudeCodeConversationTimeline in Frameworks */,
			);
			runOnlyForDeploymentPostprocessing = 0;
		};
		CDD3C1522EFFB73700CDEC43 /* Frameworks */ = {
			isa = PBXFrameworksBuildPhase;
			buildActionMask = 2147483647;
			files = (
				CD922DA32F0E3BB4002CF21F /* GRDB in Frameworks */,
			);
			runOnlyForDeploymentPostprocessing = 0;
		};
		D1A1E0052F31000100A10001 /* Frameworks */ = {
			isa = PBXFrameworksBuildPhase;
			buildActionMask = 2147483647;
			files = (
				D1A1E0032F31000100A10001 /* XCTest.framework in Frameworks */,
			);
			runOnlyForDeploymentPostprocessing = 0;
		};
/* End PBXFrameworksBuildPhase section */

/* Begin PBXGroup section */
		CDD3C1342EFFB73600CDEC43 = {
			isa = PBXGroup;
			children = (
				CDD3C13F2EFFB73600CDEC43 /* unbound-ios */,
				D1A1E0042F31000100A10001 /* unbound-iosTests */,
				CDD3C1512EFFB73700CDEC43 /* UnboundWidget */,
				CDD3C13E2EFFB73600CDEC43 /* Products */,
				D1A1E00E2F31000100A10001 /* Recovered References */,
			);
			sourceTree = "<group>";
		};
		CDD3C13E2EFFB73600CDEC43 /* Products */ = {
			isa = PBXGroup;
			children = (
				CDD3C13D2EFFB73600CDEC43 /* unbound-ios.app */,
				D1A1E0012F31000100A10001 /* unbound-iosTests.xctest */,
				CDD3C1502EFFB73700CDEC43 /* UnboundWidgetExtension.appex */,
			);
			name = Products;
			sourceTree = "<group>";
		};
		D1A1E00E2F31000100A10001 /* Recovered References */ = {
			isa = PBXGroup;
			children = (
				D1A1E0022F31000100A10001 /* XCTest.framework */,
			);
			name = "Recovered References";
			sourceTree = "<group>";
		};
/* End PBXGroup section */

/* Begin PBXNativeTarget section */
		CDD3C13C2EFFB73600CDEC43 /* unbound-ios */ = {
			isa = PBXNativeTarget;
			buildConfigurationList = CDD3C1482EFFB73700CDEC43 /* Build configuration list for PBXNativeTarget "unbound-ios" */;
			buildPhases = (
				CDD3C1392EFFB73600CDEC43 /* Sources */,
				CDD3C13A2EFFB73600CDEC43 /* Frameworks */,
				CDD3C13B2EFFB73600CDEC43 /* Resources */,
				CDD3C1572EFFB73700CDEC43 /* Embed Foundation Extensions */,
			);
			buildRules = (
			);
			dependencies = (
				CDD3C1592EFFB73700CDEC43 /* PBXTargetDependency */,
			);
			fileSystemSynchronizedGroups = (
				CDD3C13F2EFFB73600CDEC43 /* unbound-ios */,
			);
			name = "unbound-ios";
			packageProductDependencies = (
				CE10A0002F30000100200001 /* Ably */,
				CDD3C1612EFFB80000000002 /* Auth */,
				CDD3C1622EFFB80000000003 /* Supabase */,
				CD922D9E2F0E3919002CF21F /* GRDB */,
				CD922DA52F0E3919002CF21F /* Logging */,
				CE20B0022F40000100300001 /* MobileClaudeCodeConversationTimeline */,
			);
			productName = "unbound-ios";
			productReference = CDD3C13D2EFFB73600CDEC43 /* unbound-ios.app */;
			productType = "com.apple.product-type.application";
		};
		CDD3C1562EFFB73700CDEC43 /* UnboundWidgetExtension */ = {
			isa = PBXNativeTarget;
			buildConfigurationList = CDD3C15A2EFFB73700CDEC43 /* Build configuration list for PBXNativeTarget "UnboundWidgetExtension" */;
			buildPhases = (
				CDD3C1542EFFB73700CDEC43 /* Sources */,
				CDD3C1522EFFB73700CDEC43 /* Frameworks */,
				CDD3C1532EFFB73700CDEC43 /* Resources */,
			);
			buildRules = (
			);
			dependencies = (
			);
			fileSystemSynchronizedGroups = (
				CDD3C1512EFFB73700CDEC43 /* UnboundWidget */,
			);
			name = UnboundWidgetExtension;
			packageProductDependencies = (
				CD922DA22F0E3BB4002CF21F /* GRDB */,
			);
			productName = UnboundWidgetExtension;
			productReference = CDD3C1502EFFB73700CDEC43 /* UnboundWidgetExtension.appex */;
			productType = "com.apple.product-type.app-extension";
		};
		D1A1E00A2F31000100A10001 /* unbound-iosTests */ = {
			isa = PBXNativeTarget;
			buildConfigurationList = D1A1E00D2F31000100A10001 /* Build configuration list for PBXNativeTarget "unbound-iosTests" */;
			buildPhases = (
				D1A1E0062F31000100A10001 /* Sources */,
				D1A1E0052F31000100A10001 /* Frameworks */,
				D1A1E0072F31000100A10001 /* Resources */,
			);
			buildRules = (
			);
			dependencies = (
				D1A1E0092F31000100A10001 /* PBXTargetDependency */,
			);
			fileSystemSynchronizedGroups = (
				D1A1E0042F31000100A10001 /* unbound-iosTests */,
			);
			name = "unbound-iosTests";
			productName = "unbound-iosTests";
			productReference = D1A1E0012F31000100A10001 /* unbound-iosTests.xctest */;
			productType = "com.apple.product-type.bundle.unit-test";
		};
/* End PBXNativeTarget section */

/* Begin PBXProject section */
		CDD3C1352EFFB73600CDEC43 /* Project object */ = {
			isa = PBXProject;
			attributes = {
				BuildIndependentTargetsInParallel = 1;
				LastSwiftUpdateCheck = 2610;
				LastUpgradeCheck = 2610;
				TargetAttributes = {
					CDD3C13C2EFFB73600CDEC43 = {
						CreatedOnToolsVersion = 26.1.1;
					};
					CDD3C1562EFFB73700CDEC43 = {
						CreatedOnToolsVersion = 26.1.1;
					};
					D1A1E00A2F31000100A10001 = {
						CreatedOnToolsVersion = 26.1.1;
						TestTargetID = CDD3C13C2EFFB73600CDEC43;
					};
				};
			};
			buildConfigurationList = CDD3C1382EFFB73600CDEC43 /* Build configuration list for PBXProject "unbound-ios" */;
			developmentRegion = en;
			hasScannedForEncodings = 0;
			knownRegions = (
				en,
				Base,
			);
			mainGroup = CDD3C1342EFFB73600CDEC43;
			minimizedProjectReferenceProxies = 1;
			packageReferences = (
				CE10A0022F30000100200001 /* XCRemoteSwiftPackageReference "ably-cocoa" */,
				CDD3C1602EFFB80000000001 /* XCRemoteSwiftPackageReference "supabase-swift" */,
				CD922D9D2F0E3919002CF21F /* XCRemoteSwiftPackageReference "GRDB" */,
				CD922DA42F0E3919002CF21F /* XCRemoteSwiftPackageReference "swift-log" */,
				CE20B0032F40000100300001 /* XCLocalSwiftPackageReference "MobileClaudeCodeConversationTimeline" */,
			);
			preferredProjectObjectVersion = 77;
			productRefGroup = CDD3C13E2EFFB73600CDEC43 /* Products */;
			projectDirPath = "";
			projectRoot = "";
			targets = (
				CDD3C13C2EFFB73600CDEC43 /* unbound-ios */,
				D1A1E00A2F31000100A10001 /* unbound-iosTests */,
				CDD3C1562EFFB73700CDEC43 /* UnboundWidgetExtension */,
			);
		};
/* End PBXProject section */

/* Begin PBXResourcesBuildPhase section */
		CDD3C13B2EFFB73600CDEC43 /* Resources */ = {
			isa = PBXResourcesBuildPhase;
			buildActionMask = 2147483647;
			files = (
			);
			runOnlyForDeploymentPostprocessing = 0;
		};
		CDD3C1532EFFB73700CDEC43 /* Resources */ = {
			isa = PBXResourcesBuildPhase;
			buildActionMask = 2147483647;
			files = (
			);
			runOnlyForDeploymentPostprocessing = 0;
		};
		D1A1E0072F31000100A10001 /* Resources */ = {
			isa = PBXResourcesBuildPhase;
			buildActionMask = 2147483647;
			files = (
			);
			runOnlyForDeploymentPostprocessing = 0;
		};
/* End PBXResourcesBuildPhase section */

/* Begin PBXSourcesBuildPhase section */
		CDD3C1392EFFB73600CDEC43 /* Sources */ = {
			isa = PBXSourcesBuildPhase;
			buildActionMask = 2147483647;
			files = (
			);
			runOnlyForDeploymentPostprocessing = 0;
		};
		CDD3C1542EFFB73700CDEC43 /* Sources */ = {
			isa = PBXSourcesBuildPhase;
			buildActionMask = 2147483647;
			files = (
			);
			runOnlyForDeploymentPostprocessing = 0;
		};
		D1A1E0062F31000100A10001 /* Sources */ = {
			isa = PBXSourcesBuildPhase;
			buildActionMask = 2147483647;
			files = (
			);
			runOnlyForDeploymentPostprocessing = 0;
		};
/* End PBXSourcesBuildPhase section */

/* Begin PBXTargetDependency section */
		CDD3C1592EFFB73700CDEC43 /* PBXTargetDependency */ = {
			isa = PBXTargetDependency;
			target = CDD3C1562EFFB73700CDEC43 /* UnboundWidgetExtension */;
			targetProxy = CDD3C1552EFFB73700CDEC43 /* PBXContainerItemProxy */;
		};
		D1A1E0092F31000100A10001 /* PBXTargetDependency */ = {
			isa = PBXTargetDependency;
			target = CDD3C13C2EFFB73600CDEC43 /* unbound-ios */;
			targetProxy = D1A1E0082F31000100A10001 /* PBXContainerItemProxy */;
		};
/* End PBXTargetDependency section */

/* Begin XCBuildConfiguration section */
		CDD3C1462EFFB73700CDEC43 /* Debug */ = {
			isa = XCBuildConfiguration;
			buildSettings = {
				ALWAYS_SEARCH_USER_PATHS = NO;
				ASSETCATALOG_COMPILER_GENERATE_SWIFT_ASSET_SYMBOL_EXTENSIONS = YES;
				CLANG_ANALYZER_NONNULL = YES;
				CLANG_ANALYZER_NUMBER_OBJECT_CONVERSION = YES_AGGRESSIVE;
				CLANG_CXX_LANGUAGE_STANDARD = "gnu++20";
				CLANG_ENABLE_MODULES = YES;
				CLANG_ENABLE_OBJC_ARC = YES;
				CLANG_ENABLE_OBJC_WEAK = YES;
				CLANG_WARN_BLOCK_CAPTURE_AUTORELEASING = YES;
				CLANG_WARN_BOOL_CONVERSION = YES;
				CLANG_WARN_COMMA = YES;
				CLANG_WARN_CONSTANT_CONVERSION = YES;
				CLANG_WARN_DEPRECATED_OBJC_IMPLEMENTATIONS = YES;
				CLANG_WARN_DIRECT_OBJC_ISA_USAGE = YES_ERROR;
				CLANG_WARN_DOCUMENTATION_COMMENTS = YES;
				CLANG_WARN_EMPTY_BODY = YES;
				CLANG_WARN_ENUM_CONVERSION = YES;
				CLANG_WARN_INFINITE_RECURSION = YES;
				CLANG_WARN_INT_CONVERSION = YES;
				CLANG_WARN_NON_LITERAL_NULL_CONVERSION = YES;
				CLANG_WARN_OBJC_IMPLICIT_RETAIN_SELF = YES;
				CLANG_WARN_OBJC_LITERAL_CONVERSION = YES;
				CLANG_WARN_OBJC_ROOT_CLASS = YES_ERROR;
				CLANG_WARN_QUOTED_INCLUDE_IN_FRAMEWORK_HEADER = YES;
				CLANG_WARN_RANGE_LOOP_ANALYSIS = YES;
				CLANG_WARN_STRICT_PROTOTYPES = YES;
				CLANG_WARN_SUSPICIOUS_MOVE = YES;
				CLANG_WARN_UNGUARDED_AVAILABILITY = YES_AGGRESSIVE;
				CLANG_WARN_UNREACHABLE_CODE = YES;
				CLANG_WARN__DUPLICATE_METHOD_MATCH = YES;
				COPY_PHASE_STRIP = NO;
				DEBUG_INFORMATION_FORMAT = dwarf;
				DEVELOPMENT_TEAM = LLC6TV7P6M;
				ENABLE_STRICT_OBJC_MSGSEND = YES;
				ENABLE_TESTABILITY = YES;
				ENABLE_USER_SCRIPT_SANDBOXING = YES;
				GCC_C_LANGUAGE_STANDARD = gnu17;
				GCC_DYNAMIC_NO_PIC = NO;
				GCC_NO_COMMON_BLOCKS = YES;
				GCC_OPTIMIZATION_LEVEL = 0;
				GCC_PREPROCESSOR_DEFINITIONS = (
					"DEBUG=1",
					"$(inherited)",
				);
				GCC_WARN_64_TO_32_BIT_CONVERSION = YES;
				GCC_WARN_ABOUT_RETURN_TYPE = YES_ERROR;
				GCC_WARN_UNDECLARED_SELECTOR = YES;
				GCC_WARN_UNINITIALIZED_AUTOS = YES_AGGRESSIVE;
				GCC_WARN_UNUSED_FUNCTION = YES;
				GCC_WARN_UNUSED_VARIABLE = YES;
				IPHONEOS_DEPLOYMENT_TARGET = 26.1;
				LOCALIZATION_PREFERS_STRING_CATALOGS = YES;
				MTL_ENABLE_DEBUG_INFO = INCLUDE_SOURCE;
				MTL_FAST_MATH = YES;
				ONLY_ACTIVE_ARCH = YES;
				SDKROOT = iphoneos;
				SWIFT_ACTIVE_COMPILATION_CONDITIONS = "DEBUG $(inherited)";
				SWIFT_OPTIMIZATION_LEVEL = "-Onone";
			};
			name = Debug;
		};
		CDD3C1472EFFB73700CDEC43 /* Release */ = {
			isa = XCBuildConfiguration;
			buildSettings = {
				ALWAYS_SEARCH_USER_PATHS = NO;
				ASSETCATALOG_COMPILER_GENERATE_SWIFT_ASSET_SYMBOL_EXTENSIONS = YES;
				CLANG_ANALYZER_NONNULL = YES;
				CLANG_ANALYZER_NUMBER_OBJECT_CONVERSION = YES_AGGRESSIVE;
				CLANG_CXX_LANGUAGE_STANDARD = "gnu++20";
				CLANG_ENABLE_MODULES = YES;
				CLANG_ENABLE_OBJC_ARC = YES;
				CLANG_ENABLE_OBJC_WEAK = YES;
				CLANG_WARN_BLOCK_CAPTURE_AUTORELEASING = YES;
				CLANG_WARN_BOOL_CONVERSION = YES;
				CLANG_WARN_COMMA = YES;
				CLANG_WARN_CONSTANT_CONVERSION = YES;
				CLANG_WARN_DEPRECATED_OBJC_IMPLEMENTATIONS = YES;
				CLANG_WARN_DIRECT_OBJC_ISA_USAGE = YES_ERROR;
				CLANG_WARN_DOCUMENTATION_COMMENTS = YES;
				CLANG_WARN_EMPTY_BODY = YES;
				CLANG_WARN_ENUM_CONVERSION = YES;
				CLANG_WARN_INFINITE_RECURSION = YES;
				CLANG_WARN_INT_CONVERSION = YES;
				CLANG_WARN_NON_LITERAL_NULL_CONVERSION = YES;
				CLANG_WARN_OBJC_IMPLICIT_RETAIN_SELF = YES;
				CLANG_WARN_OBJC_LITERAL_CONVERSION = YES;
				CLANG_WARN_OBJC_ROOT_CLASS = YES_ERROR;
				CLANG_WARN_QUOTED_INCLUDE_IN_FRAMEWORK_HEADER = YES;
				CLANG_WARN_RANGE_LOOP_ANALYSIS = YES;
				CLANG_WARN_STRICT_PROTOTYPES = YES;
				CLANG_WARN_SUSPICIOUS_MOVE = YES;
				CLANG_WARN_UNGUARDED_AVAILABILITY = YES_AGGRESSIVE;
				CLANG_WARN_UNREACHABLE_CODE = YES;
				CLANG_WARN__DUPLICATE_METHOD_MATCH = YES;
				COPY_PHASE_STRIP = NO;
				DEBUG_INFORMATION_FORMAT = "dwarf-with-dsym";
				DEVELOPMENT_TEAM = LLC6TV7P6M;
				ENABLE_NS_ASSERTIONS = NO;
				ENABLE_STRICT_OBJC_MSGSEND = YES;
				ENABLE_USER_SCRIPT_SANDBOXING = YES;
				GCC_C_LANGUAGE_STANDARD = gnu17;
				GCC_NO_COMMON_BLOCKS = YES;
				GCC_WARN_64_TO_32_BIT_CONVERSION = YES;
				GCC_WARN_ABOUT_RETURN_TYPE = YES_ERROR;
				GCC_WARN_UNDECLARED_SELECTOR = YES;
				GCC_WARN_UNINITIALIZED_AUTOS = YES_AGGRESSIVE;
				GCC_WARN_UNUSED_FUNCTION = YES;
				GCC_WARN_UNUSED_VARIABLE = YES;
				IPHONEOS_DEPLOYMENT_TARGET = 26.1;
				LOCALIZATION_PREFERS_STRING_CATALOGS = YES;
				MTL_ENABLE_DEBUG_INFO = NO;
				MTL_FAST_MATH = YES;
				SDKROOT = iphoneos;
				SWIFT_COMPILATION_MODE = wholemodule;
				VALIDATE_PRODUCT = YES;
			};
			name = Release;
		};
		CDD3C1492EFFB73700CDEC43 /* Debug */ = {
			isa = XCBuildConfiguration;
			buildSettings = {
				ASSETCATALOG_COMPILER_APPICON_NAME = AppIcon;
				ASSETCATALOG_COMPILER_GLOBAL_ACCENT_COLOR_NAME = AccentColor;
				CODE_SIGN_ENTITLEMENTS = "unbound-ios/unbound-ios.entitlements";
				CODE_SIGN_STYLE = Automatic;
				CURRENT_PROJECT_VERSION = 1;
				DEVELOPMENT_TEAM = LLC6TV7P6M;
				ENABLE_PREVIEWS = YES;
				GENERATE_INFOPLIST_FILE = NO;
				INFOPLIST_FILE = Info.plist;
				IPHONEOS_DEPLOYMENT_TARGET = 18;
				LD_RUNPATH_SEARCH_PATHS = (
					"$(inherited)",
					"@executable_path/Frameworks",
				);
				MARKETING_VERSION = 1.0;
				PRODUCT_BUNDLE_IDENTIFIER = "com.arni.unbound-ios";
				PRODUCT_NAME = "$(TARGET_NAME)";
				STRING_CATALOG_GENERATE_SYMBOLS = YES;
				SWIFT_APPROACHABLE_CONCURRENCY = YES;
				SWIFT_DEFAULT_ACTOR_ISOLATION = MainActor;
				SWIFT_EMIT_LOC_STRINGS = YES;
				SWIFT_UPCOMING_FEATURE_MEMBER_IMPORT_VISIBILITY = YES;
				SWIFT_VERSION = 5.0;
				TARGETED_DEVICE_FAMILY = "1,2";
			};
			name = Debug;
		};
		CDD3C14A2EFFB73700CDEC43 /* Release */ = {
			isa = XCBuildConfiguration;
			buildSettings = {
				ASSETCATALOG_COMPILER_APPICON_NAME = AppIcon;
				ASSETCATALOG_COMPILER_GLOBAL_ACCENT_COLOR_NAME = AccentColor;
				CODE_SIGN_ENTITLEMENTS = "unbound-ios/unbound-ios.entitlements";
				CODE_SIGN_STYLE = Automatic;
				CURRENT_PROJECT_VERSION = 1;
				DEVELOPMENT_TEAM = LLC6TV7P6M;
				ENABLE_PREVIEWS = YES;
				GENERATE_INFOPLIST_FILE = NO;
				INFOPLIST_FILE = Info.plist;
				IPHONEOS_DEPLOYMENT_TARGET = 18;
				LD_RUNPATH_SEARCH_PATHS = (
					"$(inherited)",
					"@executable_path/Frameworks",
				);
				MARKETING_VERSION = 1.0;
				PRODUCT_BUNDLE_IDENTIFIER = "com.arni.unbound-ios";
				PRODUCT_NAME = "$(TARGET_NAME)";
				STRING_CATALOG_GENERATE_SYMBOLS = YES;
				SWIFT_APPROACHABLE_CONCURRENCY = YES;
				SWIFT_DEFAULT_ACTOR_ISOLATION = MainActor;
				SWIFT_EMIT_LOC_STRINGS = YES;
				SWIFT_UPCOMING_FEATURE_MEMBER_IMPORT_VISIBILITY = YES;
				SWIFT_VERSION = 5.0;
				TARGETED_DEVICE_FAMILY = "1,2";
			};
			name = Release;
		};
		CDD3C15B2EFFB73700CDEC43 /* Debug */ = {
			isa = XCBuildConfiguration;
			buildSettings = {
				ASSETCATALOG_COMPILER_GLOBAL_ACCENT_COLOR_NAME = AccentColor;
				ASSETCATALOG_COMPILER_WIDGET_BACKGROUND_COLOR_NAME = WidgetBackground;
				CODE_SIGN_STYLE = Automatic;
				CURRENT_PROJECT_VERSION = 1;
				DEVELOPMENT_TEAM = LLC6TV7P6M;
				GENERATE_INFOPLIST_FILE = NO;
				INFOPLIST_FILE = UnboundWidget/Info.plist;
				IPHONEOS_DEPLOYMENT_TARGET = 18;
				LD_RUNPATH_SEARCH_PATHS = (
					"$(inherited)",
					"@executable_path/Frameworks",
					"@executable_path/../../Frameworks",
				);
				MARKETING_VERSION = 1.0;
				PRODUCT_BUNDLE_IDENTIFIER = "com.arni.unbound-ios.UnboundWidget";
				PRODUCT_NAME = "$(TARGET_NAME)";
				SKIP_INSTALL = YES;
				SWIFT_APPROACHABLE_CONCURRENCY = YES;
				SWIFT_DEFAULT_ACTOR_ISOLATION = MainActor;
				SWIFT_EMIT_LOC_STRINGS = YES;
				SWIFT_VERSION = 5.0;
				TARGETED_DEVICE_FAMILY = "1,2";
			};
			name = Debug;
		};
		CDD3C15C2EFFB73700CDEC43 /* Release */ = {
			isa = XCBuildConfiguration;
			buildSettings = {
				ASSETCATALOG_COMPILER_GLOBAL_ACCENT_COLOR_NAME = AccentColor;
				ASSETCATALOG_COMPILER_WIDGET_BACKGROUND_COLOR_NAME = WidgetBackground;
				CODE_SIGN_STYLE = Automatic;
				CURRENT_PROJECT_VERSION = 1;
				DEVELOPMENT_TEAM = LLC6TV7P6M;
				GENERATE_INFOPLIST_FILE = NO;
				INFOPLIST_FILE = UnboundWidget/Info.plist;
				IPHONEOS_DEPLOYMENT_TARGET = 18;
				LD_RUNPATH_SEARCH_PATHS = (
					"$(inherited)",
					"@executable_path/Frameworks",
					"@executable_path/../../Frameworks",
				);
				MARKETING_VERSION = 1.0;
				PRODUCT_BUNDLE_IDENTIFIER = "com.arni.unbound-ios.UnboundWidget";
				PRODUCT_NAME = "$(TARGET_NAME)";
				SKIP_INSTALL = YES;
				SWIFT_APPROACHABLE_CONCURRENCY = YES;
				SWIFT_DEFAULT_ACTOR_ISOLATION = MainActor;
				SWIFT_EMIT_LOC_STRINGS = YES;
				SWIFT_VERSION = 5.0;
				TARGETED_DEVICE_FAMILY = "1,2";
			};
			name = Release;
		};
		D1A1E00B2F31000100A10001 /* Debug */ = {
			isa = XCBuildConfiguration;
			buildSettings = {
				BUNDLE_LOADER = "$(TEST_HOST)";
				CODE_SIGN_STYLE = Automatic;
				CURRENT_PROJECT_VERSION = 1;
				DEVELOPMENT_TEAM = LLC6TV7P6M;
				ENABLE_TESTABILITY = YES;
				GENERATE_INFOPLIST_FILE = YES;
				IPHONEOS_DEPLOYMENT_TARGET = 18;
				LD_RUNPATH_SEARCH_PATHS = (
					"$(inherited)",
					"@executable_path/Frameworks",
					"@loader_path/Frameworks",
				);
				MARKETING_VERSION = 1.0;
				PRODUCT_BUNDLE_IDENTIFIER = "com.arni.unbound-iosTests";
				PRODUCT_NAME = "$(TARGET_NAME)";
				SWIFT_VERSION = 5.0;
				TARGETED_DEVICE_FAMILY = "1,2";
				TEST_HOST = "$(BUILT_PRODUCTS_DIR)/unbound-ios.app/unbound-ios";
			};
			name = Debug;
		};
		D1A1E00C2F31000100A10001 /* Release */ = {
			isa = XCBuildConfiguration;
			buildSettings = {
				BUNDLE_LOADER = "$(TEST_HOST)";
				CODE_SIGN_STYLE = Automatic;
				CURRENT_PROJECT_VERSION = 1;
				DEVELOPMENT_TEAM = LLC6TV7P6M;
				GENERATE_INFOPLIST_FILE = YES;
				IPHONEOS_DEPLOYMENT_TARGET = 18;
				LD_RUNPATH_SEARCH_PATHS = (
					"$(inherited)",
					"@executable_path/Frameworks",
					"@loader_path/Frameworks",
				);
				MARKETING_VERSION = 1.0;
				PRODUCT_BUNDLE_IDENTIFIER = "com.arni.unbound-iosTests";
				PRODUCT_NAME = "$(TARGET_NAME)";
				SWIFT_VERSION = 5.0;
				TARGETED_DEVICE_FAMILY = "1,2";
				TEST_HOST = "$(BUILT_PRODUCTS_DIR)/unbound-ios.app/unbound-ios";
			};
			name = Release;
		};
/* End XCBuildConfiguration section */

/* Begin XCConfigurationList section */
		CDD3C1382EFFB73600CDEC43 /* Build configuration list for PBXProject "unbound-ios" */ = {
			isa = XCConfigurationList;
			buildConfigurations = (
				CDD3C1462EFFB73700CDEC43 /* Debug */,
				CDD3C1472EFFB73700CDEC43 /* Release */,
			);
			defaultConfigurationIsVisible = 0;
			defaultConfigurationName = Release;
		};
		CDD3C1482EFFB73700CDEC43 /* Build configuration list for PBXNativeTarget "unbound-ios" */ = {
			isa = XCConfigurationList;
			buildConfigurations = (
				CDD3C1492EFFB73700CDEC43 /* Debug */,
				CDD3C14A2EFFB73700CDEC43 /* Release */,
			);
			defaultConfigurationIsVisible = 0;
			defaultConfigurationName = Release;
		};
		CDD3C15A2EFFB73700CDEC43 /* Build configuration list for PBXNativeTarget "UnboundWidgetExtension" */ = {
			isa = XCConfigurationList;
			buildConfigurations = (
				CDD3C15B2EFFB73700CDEC43 /* Debug */,
				CDD3C15C2EFFB73700CDEC43 /* Release */,
			);
			defaultConfigurationIsVisible = 0;
			defaultConfigurationName = Release;
		};
		D1A1E00D2F31000100A10001 /* Build configuration list for PBXNativeTarget "unbound-iosTests" */ = {
			isa = XCConfigurationList;
			buildConfigurations = (
				D1A1E00B2F31000100A10001 /* Debug */,
				D1A1E00C2F31000100A10001 /* Release */,
			);
			defaultConfigurationIsVisible = 0;
			defaultConfigurationName = Release;
		};
/* End XCConfigurationList section */

/* Begin XCLocalSwiftPackageReference section */
		CE20B0032F40000100300001 /* XCLocalSwiftPackageReference "MobileClaudeCodeConversationTimeline" */ = {
			isa = XCLocalSwiftPackageReference;
			relativePath = MobileClaudeCodeConversationTimeline;
		};
/* End XCLocalSwiftPackageReference section */

/* Begin XCRemoteSwiftPackageReference section */
		CD922D9D2F0E3919002CF21F /* XCRemoteSwiftPackageReference "GRDB" */ = {
			isa = XCRemoteSwiftPackageReference;
			repositoryURL = "https://github.com/groue/GRDB.swift";
			requirement = {
				kind = upToNextMajorVersion;
				minimumVersion = 7.0.0;
			};
		};
		CD922DA42F0E3919002CF21F /* XCRemoteSwiftPackageReference "swift-log" */ = {
			isa = XCRemoteSwiftPackageReference;
			repositoryURL = "https://github.com/apple/swift-log.git";
			requirement = {
				kind = upToNextMajorVersion;
				minimumVersion = 1.5.0;
			};
		};
		CDD3C1602EFFB80000000001 /* XCRemoteSwiftPackageReference "supabase-swift" */ = {
			isa = XCRemoteSwiftPackageReference;
			repositoryURL = "https://github.com/supabase/supabase-swift";
			requirement = {
				kind = upToNextMajorVersion;
				minimumVersion = 2.0.0;
			};
		};
		CE10A0022F30000100200001 /* XCRemoteSwiftPackageReference "ably-cocoa" */ = {
			isa = XCRemoteSwiftPackageReference;
			repositoryURL = "https://github.com/ably/ably-cocoa.git";
			requirement = {
				kind = upToNextMajorVersion;
				minimumVersion = 1.2.39;
			};
		};
/* End XCRemoteSwiftPackageReference section */

/* Begin XCSwiftPackageProductDependency section */
		CD922D9E2F0E3919002CF21F /* GRDB */ = {
			isa = XCSwiftPackageProductDependency;
			package = CD922D9D2F0E3919002CF21F /* XCRemoteSwiftPackageReference "GRDB" */;
			productName = GRDB;
		};
		CD922DA22F0E3BB4002CF21F /* GRDB */ = {
			isa = XCSwiftPackageProductDependency;
			package = CD922D9D2F0E3919002CF21F /* XCRemoteSwiftPackageReference "GRDB" */;
			productName = GRDB;
		};
		CD922DA52F0E3919002CF21F /* Logging */ = {
			isa = XCSwiftPackageProductDependency;
			package = CD922DA42F0E3919002CF21F /* XCRemoteSwiftPackageReference "swift-log" */;
			productName = Logging;
		};
		CDD3C1612EFFB80000000002 /* Auth */ = {
			isa = XCSwiftPackageProductDependency;
			package = CDD3C1602EFFB80000000001 /* XCRemoteSwiftPackageReference "supabase-swift" */;
			productName = Auth;
		};
		CDD3C1622EFFB80000000003 /* Supabase */ = {
			isa = XCSwiftPackageProductDependency;
			package = CDD3C1602EFFB80000000001 /* XCRemoteSwiftPackageReference "supabase-swift" */;
			productName = Supabase;
		};
		CE10A0002F30000100200001 /* Ably */ = {
			isa = XCSwiftPackageProductDependency;
			package = CE10A0022F30000100200001 /* XCRemoteSwiftPackageReference "ably-cocoa" */;
			productName = Ably;
		};
		CE20B0022F40000100300001 /* MobileClaudeCodeConversationTimeline */ = {
			isa = XCSwiftPackageProductDependency;
			productName = MobileClaudeCodeConversationTimeline;
		};
/* End XCSwiftPackageProductDependency section */
	};
	rootObject = CDD3C1352EFFB73600CDEC43 /* Project object */;
}
