// !$*UTF8*$!
{
	archiveVersion = 1;
	classes = {
	};
	objectVersion = 77;
	objects = {

/* Begin PBXBuildFile section */
		5A9648B9B2E168F13ADB91B4 /* XCTest.framework in Frameworks */ = {isa = PBXBuildFile; fileRef = 0BEC16D518A64A1A32B1C155 /* XCTest.framework */; };
		CD79B3BB2F03F0FA00B37FB3 /* SwiftTerm in Frameworks */ = {isa = PBXBuildFile; productRef = CD79B3BA2F03F0FA00B37FB3 /* SwiftTerm */; };
		CD79B3BC2F03F0FA00B37FB4 /* Logging in Frameworks */ = {isa = PBXBuildFile; productRef = CD79B3BD2F03F0FA00B37FB5 /* Logging */; };
		CD79B3C22F03F10A00B37FB3 /* ClaudeConversationTimeline in Frameworks */ = {isa = PBXBuildFile; productRef = CD79B3C12F03F10A00B37FB3 /* ClaudeConversationTimeline */; };
		CDD0B5252F07B6A8002D09F7 /* Auth in Frameworks */ = {isa = PBXBuildFile; productRef = CDD0B5242F07B6A8002D09F7 /* Auth */; };
		CDD0B5272F07B6A8002D09F7 /* Functions in Frameworks */ = {isa = PBXBuildFile; productRef = CDD0B5262F07B6A8002D09F7 /* Functions */; };
		CDD0B5292F07B6A8002D09F7 /* PostgREST in Frameworks */ = {isa = PBXBuildFile; productRef = CDD0B5282F07B6A8002D09F7 /* PostgREST */; };
		CDD0B52B2F07B6A8002D09F7 /* Realtime in Frameworks */ = {isa = PBXBuildFile; productRef = CDD0B52A2F07B6A8002D09F7 /* Realtime */; };
		CDD0B52D2F07B6A8002D09F7 /* Storage in Frameworks */ = {isa = PBXBuildFile; productRef = CDD0B52C2F07B6A8002D09F7 /* Storage */; };
		CDD0B52F2F07B6A8002D09F7 /* Supabase in Frameworks */ = {isa = PBXBuildFile; productRef = CDD0B52E2F07B6A8002D09F7 /* Supabase */; };
		CDD0BA552F097D07002D09F7 /* GRDB in Frameworks */ = {isa = PBXBuildFile; productRef = CDD0BA542F097D07002D09F7 /* GRDB */; };
/* End PBXBuildFile section */

/* Begin PBXContainerItemProxy section */
		8BA9B8F5197A9BFB25D3592B /* PBXContainerItemProxy */ = {
			isa = PBXContainerItemProxy;
			containerPortal = CDD3C14C2EFFB85C00CDEC43 /* Project object */;
			proxyType = 1;
			remoteGlobalIDString = CDD3C1532EFFB85C00CDEC43;
			remoteInfo = "unbound-macos";
		};
/* End PBXContainerItemProxy section */

/* Begin PBXFileReference section */
		0BEC16D518A64A1A32B1C155 /* XCTest.framework */ = {isa = PBXFileReference; lastKnownFileType = wrapper.framework; name = XCTest.framework; path = System/Library/Frameworks/XCTest.framework; sourceTree = SDKROOT; };
		8772E1E472F1C7416E57DCF0 /* unbound-macosTests.xctest */ = {isa = PBXFileReference; explicitFileType = wrapper.cfbundle; includeInIndex = 0; path = "unbound-macosTests.xctest"; sourceTree = BUILT_PRODUCTS_DIR; };
		CDD3C1542EFFB85C00CDEC43 /* unbound-macos.app */ = {isa = PBXFileReference; explicitFileType = wrapper.application; includeInIndex = 0; path = "unbound-macos.app"; sourceTree = BUILT_PRODUCTS_DIR; };
/* End PBXFileReference section */

/* Begin PBXFileSystemSynchronizedRootGroup section */
		0116ED91ED9D93FFC27748DA /* unbound-macosTests */ = {
			isa = PBXFileSystemSynchronizedRootGroup;
			path = "unbound-macosTests";
			sourceTree = "<group>";
		};
		CDD3C1562EFFB85C00CDEC43 /* unbound-macos */ = {
			isa = PBXFileSystemSynchronizedRootGroup;
			path = "unbound-macos";
			sourceTree = "<group>";
		};
/* End PBXFileSystemSynchronizedRootGroup section */

/* Begin PBXFrameworksBuildPhase section */
		CDD3C1512EFFB85C00CDEC43 /* Frameworks */ = {
			isa = PBXFrameworksBuildPhase;
			buildActionMask = 2147483647;
			files = (
				CDD0B52D2F07B6A8002D09F7 /* Storage in Frameworks */,
				CDD0B5292F07B6A8002D09F7 /* PostgREST in Frameworks */,
				CDD0B5272F07B6A8002D09F7 /* Functions in Frameworks */,
				CDD0BA552F097D07002D09F7 /* GRDB in Frameworks */,
				CDD0B5252F07B6A8002D09F7 /* Auth in Frameworks */,
				CDD0B52B2F07B6A8002D09F7 /* Realtime in Frameworks */,
				CDD0B52F2F07B6A8002D09F7 /* Supabase in Frameworks */,
				CD79B3BB2F03F0FA00B37FB3 /* SwiftTerm in Frameworks */,
				CD79B3BC2F03F0FA00B37FB4 /* Logging in Frameworks */,
				CD79B3C22F03F10A00B37FB3 /* ClaudeConversationTimeline in Frameworks */,
			);
			runOnlyForDeploymentPostprocessing = 0;
		};
		D16F9DDCD323D2795343F116 /* Frameworks */ = {
			isa = PBXFrameworksBuildPhase;
			buildActionMask = 2147483647;
			files = (
				5A9648B9B2E168F13ADB91B4 /* XCTest.framework in Frameworks */,
			);
			runOnlyForDeploymentPostprocessing = 0;
		};
/* End PBXFrameworksBuildPhase section */

/* Begin PBXGroup section */
		CD473B7C2F34753D00622019 /* Recovered References */ = {
			isa = PBXGroup;
			children = (
				0BEC16D518A64A1A32B1C155 /* XCTest.framework */,
			);
			name = "Recovered References";
			sourceTree = "<group>";
		};
		CDD3C14B2EFFB85C00CDEC43 = {
			isa = PBXGroup;
			children = (
				CDD3C1562EFFB85C00CDEC43 /* unbound-macos */,
				0116ED91ED9D93FFC27748DA /* unbound-macosTests */,
				CDD3C1552EFFB85C00CDEC43 /* Products */,
				CD473B7C2F34753D00622019 /* Recovered References */,
			);
			sourceTree = "<group>";
		};
		CDD3C1552EFFB85C00CDEC43 /* Products */ = {
			isa = PBXGroup;
			children = (
				CDD3C1542EFFB85C00CDEC43 /* unbound-macos.app */,
				8772E1E472F1C7416E57DCF0 /* unbound-macosTests.xctest */,
			);
			name = Products;
			sourceTree = "<group>";
		};
/* End PBXGroup section */

/* Begin PBXNativeTarget section */
		CDD3C1532EFFB85C00CDEC43 /* unbound-macos */ = {
			isa = PBXNativeTarget;
			buildConfigurationList = CDD3C15F2EFFB85D00CDEC43 /* Build configuration list for PBXNativeTarget "unbound-macos" */;
			buildPhases = (
				CDD3C1502EFFB85C00CDEC43 /* Sources */,
				CDD3C1512EFFB85C00CDEC43 /* Frameworks */,
				CDD3C1522EFFB85C00CDEC43 /* Resources */,
			);
			buildRules = (
			);
			dependencies = (
			);
			fileSystemSynchronizedGroups = (
				CDD3C1562EFFB85C00CDEC43 /* unbound-macos */,
			);
			name = "unbound-macos";
			packageProductDependencies = (
				CD79B3BA2F03F0FA00B37FB3 /* SwiftTerm */,
				CDD0B5242F07B6A8002D09F7 /* Auth */,
				CDD0B5262F07B6A8002D09F7 /* Functions */,
				CDD0B5282F07B6A8002D09F7 /* PostgREST */,
				CDD0B52A2F07B6A8002D09F7 /* Realtime */,
				CDD0B52C2F07B6A8002D09F7 /* Storage */,
				CDD0B52E2F07B6A8002D09F7 /* Supabase */,
				CDD0BA542F097D07002D09F7 /* GRDB */,
				CD79B3BD2F03F0FA00B37FB5 /* Logging */,
				CD79B3C12F03F10A00B37FB3 /* ClaudeConversationTimeline */,
			);
			productName = "unbound-macos";
			productReference = CDD3C1542EFFB85C00CDEC43 /* unbound-macos.app */;
			productType = "com.apple.product-type.application";
		};
		E1BE1886348460F6E6A9BAEE /* unbound-macosTests */ = {
			isa = PBXNativeTarget;
			buildConfigurationList = 1BE07CD2B3B168A8BBD95810 /* Build configuration list for PBXNativeTarget "unbound-macosTests" */;
			buildPhases = (
				1E1A73B35E5EDED09EE66ED4 /* Sources */,
				D16F9DDCD323D2795343F116 /* Frameworks */,
				49B399626D682F46C893EE1B /* Resources */,
			);
			buildRules = (
			);
			dependencies = (
				6CFBFEEF21C517D7F0EEC672 /* PBXTargetDependency */,
			);
			fileSystemSynchronizedGroups = (
				0116ED91ED9D93FFC27748DA /* unbound-macosTests */,
			);
			name = "unbound-macosTests";
			productName = "unbound-macosTests";
			productReference = 8772E1E472F1C7416E57DCF0 /* unbound-macosTests.xctest */;
			productType = "com.apple.product-type.bundle.unit-test";
		};
/* End PBXNativeTarget section */

/* Begin PBXProject section */
		CDD3C14C2EFFB85C00CDEC43 /* Project object */ = {
			isa = PBXProject;
			attributes = {
				BuildIndependentTargetsInParallel = 1;
				LastSwiftUpdateCheck = 2610;
				LastUpgradeCheck = 2610;
				TargetAttributes = {
					CDD3C1532EFFB85C00CDEC43 = {
						CreatedOnToolsVersion = 26.1.1;
					};
					E1BE1886348460F6E6A9BAEE = {
						CreatedOnToolsVersion = 26.1.1;
						TestTargetID = CDD3C1532EFFB85C00CDEC43;
					};
				};
			};
			buildConfigurationList = CDD3C14F2EFFB85C00CDEC43 /* Build configuration list for PBXProject "unbound-macos" */;
			developmentRegion = en;
			hasScannedForEncodings = 0;
			knownRegions = (
				en,
				Base,
			);
			mainGroup = CDD3C14B2EFFB85C00CDEC43;
			minimizedProjectReferenceProxies = 1;
			packageReferences = (
				CD79B3B92F03F0FA00B37FB3 /* XCRemoteSwiftPackageReference "SwiftTerm" */,
				CDD0B5232F07B6A8002D09F7 /* XCRemoteSwiftPackageReference "supabase-swift" */,
				CDD0BA532F097D07002D09F7 /* XCRemoteSwiftPackageReference "GRDB" */,
				CD79B3BE2F03F0FA00B37FB6 /* XCRemoteSwiftPackageReference "swift-log" */,
				CD79B3C02F03F10A00B37FB3 /* XCLocalSwiftPackageReference "../shared/ClaudeConversationTimeline" */,
			);
			preferredProjectObjectVersion = 77;
			productRefGroup = CDD3C1552EFFB85C00CDEC43 /* Products */;
			projectDirPath = "";
			projectRoot = "";
			targets = (
				CDD3C1532EFFB85C00CDEC43 /* unbound-macos */,
				E1BE1886348460F6E6A9BAEE /* unbound-macosTests */,
			);
		};
/* End PBXProject section */

/* Begin PBXResourcesBuildPhase section */
		49B399626D682F46C893EE1B /* Resources */ = {
			isa = PBXResourcesBuildPhase;
			buildActionMask = 2147483647;
			files = (
			);
			runOnlyForDeploymentPostprocessing = 0;
		};
		CDD3C1522EFFB85C00CDEC43 /* Resources */ = {
			isa = PBXResourcesBuildPhase;
			buildActionMask = 2147483647;
			files = (
			);
			runOnlyForDeploymentPostprocessing = 0;
		};
/* End PBXResourcesBuildPhase section */

/* Begin PBXSourcesBuildPhase section */
		1E1A73B35E5EDED09EE66ED4 /* Sources */ = {
			isa = PBXSourcesBuildPhase;
			buildActionMask = 2147483647;
			files = (
			);
			runOnlyForDeploymentPostprocessing = 0;
		};
		CDD3C1502EFFB85C00CDEC43 /* Sources */ = {
			isa = PBXSourcesBuildPhase;
			buildActionMask = 2147483647;
			files = (
			);
			runOnlyForDeploymentPostprocessing = 0;
		};
/* End PBXSourcesBuildPhase section */

/* Begin PBXTargetDependency section */
		6CFBFEEF21C517D7F0EEC672 /* PBXTargetDependency */ = {
			isa = PBXTargetDependency;
			target = CDD3C1532EFFB85C00CDEC43 /* unbound-macos */;
			targetProxy = 8BA9B8F5197A9BFB25D3592B /* PBXContainerItemProxy */;
		};
/* End PBXTargetDependency section */

/* Begin XCBuildConfiguration section */
		258CB57A656F89A5B7B9ABD1 /* Release */ = {
			isa = XCBuildConfiguration;
			buildSettings = {
				BUNDLE_LOADER = "$(TEST_HOST)";
				CODE_SIGN_STYLE = Automatic;
				DEVELOPMENT_TEAM = LLC6TV7P6M;
				GENERATE_INFOPLIST_FILE = YES;
				LD_RUNPATH_SEARCH_PATHS = (
					"$(inherited)",
					"@executable_path/../Frameworks",
					"@loader_path/../Frameworks",
				);
				MACOSX_DEPLOYMENT_TARGET = 15.7;
				PRODUCT_BUNDLE_IDENTIFIER = "com.arni.unbound-macosTests";
				PRODUCT_NAME = "$(TARGET_NAME)";
				SWIFT_VERSION = 5.0;
				TEST_HOST = "$(BUILT_PRODUCTS_DIR)/unbound-macos.app/Contents/MacOS/unbound-macos";
			};
			name = Release;
		};
		BC4A7098996F0AAF18159FF3 /* Debug */ = {
			isa = XCBuildConfiguration;
			buildSettings = {
				BUNDLE_LOADER = "$(TEST_HOST)";
				CODE_SIGN_STYLE = Automatic;
				DEVELOPMENT_TEAM = LLC6TV7P6M;
				ENABLE_TESTABILITY = YES;
				GENERATE_INFOPLIST_FILE = YES;
				LD_RUNPATH_SEARCH_PATHS = (
					"$(inherited)",
					"@executable_path/../Frameworks",
					"@loader_path/../Frameworks",
				);
				MACOSX_DEPLOYMENT_TARGET = 15.7;
				PRODUCT_BUNDLE_IDENTIFIER = "com.arni.unbound-macosTests";
				PRODUCT_NAME = "$(TARGET_NAME)";
				SWIFT_VERSION = 5.0;
				TEST_HOST = "$(BUILT_PRODUCTS_DIR)/unbound-macos.app/Contents/MacOS/unbound-macos";
			};
			name = Debug;
		};
		CDD3C15D2EFFB85D00CDEC43 /* Debug */ = {
			isa = XCBuildConfiguration;
			buildSettings = {
				ALWAYS_SEARCH_USER_PATHS = NO;
				ASSETCATALOG_COMPILER_GENERATE_SWIFT_ASSET_SYMBOL_EXTENSIONS = YES;
				CLANG_ANALYZER_NONNULL = YES;
				CLANG_ANALYZER_NUMBER_OBJECT_CONVERSION = YES_AGGRESSIVE;
				CLANG_CXX_LANGUAGE_STANDARD = "gnu++20";
				CLANG_ENABLE_MODULES = YES;
				CLANG_ENABLE_OBJC_ARC = YES;
				CLANG_ENABLE_OBJC_WEAK = YES;
				CLANG_WARN_BLOCK_CAPTURE_AUTORELEASING = YES;
				CLANG_WARN_BOOL_CONVERSION = YES;
				CLANG_WARN_COMMA = YES;
				CLANG_WARN_CONSTANT_CONVERSION = YES;
				CLANG_WARN_DEPRECATED_OBJC_IMPLEMENTATIONS = YES;
				CLANG_WARN_DIRECT_OBJC_ISA_USAGE = YES_ERROR;
				CLANG_WARN_DOCUMENTATION_COMMENTS = YES;
				CLANG_WARN_EMPTY_BODY = YES;
				CLANG_WARN_ENUM_CONVERSION = YES;
				CLANG_WARN_INFINITE_RECURSION = YES;
				CLANG_WARN_INT_CONVERSION = YES;
				CLANG_WARN_NON_LITERAL_NULL_CONVERSION = YES;
				CLANG_WARN_OBJC_IMPLICIT_RETAIN_SELF = YES;
				CLANG_WARN_OBJC_LITERAL_CONVERSION = YES;
				CLANG_WARN_OBJC_ROOT_CLASS = YES_ERROR;
				CLANG_WARN_QUOTED_INCLUDE_IN_FRAMEWORK_HEADER = YES;
				CLANG_WARN_RANGE_LOOP_ANALYSIS = YES;
				CLANG_WARN_STRICT_PROTOTYPES = YES;
				CLANG_WARN_SUSPICIOUS_MOVE = YES;
				CLANG_WARN_UNGUARDED_AVAILABILITY = YES_AGGRESSIVE;
				CLANG_WARN_UNREACHABLE_CODE = YES;
				CLANG_WARN__DUPLICATE_METHOD_MATCH = YES;
				COPY_PHASE_STRIP = NO;
				DEBUG_INFORMATION_FORMAT = dwarf;
				DEVELOPMENT_TEAM = LLC6TV7P6M;
				ENABLE_STRICT_OBJC_MSGSEND = YES;
				ENABLE_TESTABILITY = YES;
				ENABLE_USER_SCRIPT_SANDBOXING = YES;
				GCC_C_LANGUAGE_STANDARD = gnu17;
				GCC_DYNAMIC_NO_PIC = NO;
				GCC_NO_COMMON_BLOCKS = YES;
				GCC_OPTIMIZATION_LEVEL = 0;
				GCC_PREPROCESSOR_DEFINITIONS = (
					"DEBUG=1",
					"$(inherited)",
				);
				GCC_WARN_64_TO_32_BIT_CONVERSION = YES;
				GCC_WARN_ABOUT_RETURN_TYPE = YES_ERROR;
				GCC_WARN_UNDECLARED_SELECTOR = YES;
				GCC_WARN_UNINITIALIZED_AUTOS = YES_AGGRESSIVE;
				GCC_WARN_UNUSED_FUNCTION = YES;
				GCC_WARN_UNUSED_VARIABLE = YES;
				LOCALIZATION_PREFERS_STRING_CATALOGS = YES;
				MACOSX_DEPLOYMENT_TARGET = 15.7;
				MTL_ENABLE_DEBUG_INFO = INCLUDE_SOURCE;
				MTL_FAST_MATH = YES;
				ONLY_ACTIVE_ARCH = YES;
				SDKROOT = macosx;
				SWIFT_ACTIVE_COMPILATION_CONDITIONS = "DEBUG $(inherited)";
				SWIFT_OPTIMIZATION_LEVEL = "-Onone";
			};
			name = Debug;
		};
		CDD3C15E2EFFB85D00CDEC43 /* Release */ = {
			isa = XCBuildConfiguration;
			buildSettings = {
				ALWAYS_SEARCH_USER_PATHS = NO;
				ASSETCATALOG_COMPILER_GENERATE_SWIFT_ASSET_SYMBOL_EXTENSIONS = YES;
				CLANG_ANALYZER_NONNULL = YES;
				CLANG_ANALYZER_NUMBER_OBJECT_CONVERSION = YES_AGGRESSIVE;
				CLANG_CXX_LANGUAGE_STANDARD = "gnu++20";
				CLANG_ENABLE_MODULES = YES;
				CLANG_ENABLE_OBJC_ARC = YES;
				CLANG_ENABLE_OBJC_WEAK = YES;
				CLANG_WARN_BLOCK_CAPTURE_AUTORELEASING = YES;
				CLANG_WARN_BOOL_CONVERSION = YES;
				CLANG_WARN_COMMA = YES;
				CLANG_WARN_CONSTANT_CONVERSION = YES;
				CLANG_WARN_DEPRECATED_OBJC_IMPLEMENTATIONS = YES;
				CLANG_WARN_DIRECT_OBJC_ISA_USAGE = YES_ERROR;
				CLANG_WARN_DOCUMENTATION_COMMENTS = YES;
				CLANG_WARN_EMPTY_BODY = YES;
				CLANG_WARN_ENUM_CONVERSION = YES;
				CLANG_WARN_INFINITE_RECURSION = YES;
				CLANG_WARN_INT_CONVERSION = YES;
				CLANG_WARN_NON_LITERAL_NULL_CONVERSION = YES;
				CLANG_WARN_OBJC_IMPLICIT_RETAIN_SELF = YES;
				CLANG_WARN_OBJC_LITERAL_CONVERSION = YES;
				CLANG_WARN_OBJC_ROOT_CLASS = YES_ERROR;
				CLANG_WARN_QUOTED_INCLUDE_IN_FRAMEWORK_HEADER = YES;
				CLANG_WARN_RANGE_LOOP_ANALYSIS = YES;
				CLANG_WARN_STRICT_PROTOTYPES = YES;
				CLANG_WARN_SUSPICIOUS_MOVE = YES;
				CLANG_WARN_UNGUARDED_AVAILABILITY = YES_AGGRESSIVE;
				CLANG_WARN_UNREACHABLE_CODE = YES;
				CLANG_WARN__DUPLICATE_METHOD_MATCH = YES;
				COPY_PHASE_STRIP = NO;
				DEBUG_INFORMATION_FORMAT = "dwarf-with-dsym";
				DEVELOPMENT_TEAM = LLC6TV7P6M;
				ENABLE_NS_ASSERTIONS = NO;
				ENABLE_STRICT_OBJC_MSGSEND = YES;
				ENABLE_USER_SCRIPT_SANDBOXING = YES;
				GCC_C_LANGUAGE_STANDARD = gnu17;
				GCC_NO_COMMON_BLOCKS = YES;
				GCC_WARN_64_TO_32_BIT_CONVERSION = YES;
				GCC_WARN_ABOUT_RETURN_TYPE = YES_ERROR;
				GCC_WARN_UNDECLARED_SELECTOR = YES;
				GCC_WARN_UNINITIALIZED_AUTOS = YES_AGGRESSIVE;
				GCC_WARN_UNUSED_FUNCTION = YES;
				GCC_WARN_UNUSED_VARIABLE = YES;
				LOCALIZATION_PREFERS_STRING_CATALOGS = YES;
				MACOSX_DEPLOYMENT_TARGET = 15.7;
				MTL_ENABLE_DEBUG_INFO = NO;
				MTL_FAST_MATH = YES;
				SDKROOT = macosx;
				SWIFT_COMPILATION_MODE = wholemodule;
			};
			name = Release;
		};
		CDD3C1602EFFB85D00CDEC43 /* Debug */ = {
			isa = XCBuildConfiguration;
			buildSettings = {
				ASSETCATALOG_COMPILER_APPICON_NAME = AppIcon;
				ASSETCATALOG_COMPILER_GLOBAL_ACCENT_COLOR_NAME = AccentColor;
				CODE_SIGN_ENTITLEMENTS = "unbound-macos/unbound-macos.entitlements";
				CODE_SIGN_STYLE = Automatic;
				COMBINE_HIDPI_IMAGES = YES;
				CURRENT_PROJECT_VERSION = 1;
				DEVELOPMENT_TEAM = LLC6TV7P6M;
				ENABLE_APP_SANDBOX = NO;
				ENABLE_HARDENED_RUNTIME = YES;
				ENABLE_PREVIEWS = YES;
				GENERATE_INFOPLIST_FILE = YES;
				INFOPLIST_KEY_NSHumanReadableCopyright = "";
				LD_RUNPATH_SEARCH_PATHS = (
					"$(inherited)",
					"@executable_path/../Frameworks",
				);
				MARKETING_VERSION = 1.0;
				PRODUCT_BUNDLE_IDENTIFIER = "com.arni.unbound-macos";
				PRODUCT_NAME = "$(TARGET_NAME)";
				REGISTER_APP_GROUPS = YES;
				STRING_CATALOG_GENERATE_SYMBOLS = YES;
				SWIFT_APPROACHABLE_CONCURRENCY = YES;
				SWIFT_DEFAULT_ACTOR_ISOLATION = MainActor;
				SWIFT_EMIT_LOC_STRINGS = YES;
				SWIFT_OBJC_BRIDGING_HEADER = "unbound-macos/unbound-macos-Bridging-Header.h";
				SWIFT_UPCOMING_FEATURE_MEMBER_IMPORT_VISIBILITY = YES;
				SWIFT_VERSION = 5.0;
			};
			name = Debug;
		};
		CDD3C1612EFFB85D00CDEC43 /* Release */ = {
			isa = XCBuildConfiguration;
			buildSettings = {
				ASSETCATALOG_COMPILER_APPICON_NAME = AppIcon;
				ASSETCATALOG_COMPILER_GLOBAL_ACCENT_COLOR_NAME = AccentColor;
				CODE_SIGN_ENTITLEMENTS = "unbound-macos/unbound-macos.entitlements";
				CODE_SIGN_STYLE = Automatic;
				COMBINE_HIDPI_IMAGES = YES;
				CURRENT_PROJECT_VERSION = 1;
				DEVELOPMENT_TEAM = LLC6TV7P6M;
				ENABLE_APP_SANDBOX = NO;
				ENABLE_HARDENED_RUNTIME = YES;
				ENABLE_PREVIEWS = YES;
				GENERATE_INFOPLIST_FILE = YES;
				INFOPLIST_KEY_NSHumanReadableCopyright = "";
				LD_RUNPATH_SEARCH_PATHS = (
					"$(inherited)",
					"@executable_path/../Frameworks",
				);
				MARKETING_VERSION = 1.0;
				PRODUCT_BUNDLE_IDENTIFIER = "com.arni.unbound-macos";
				PRODUCT_NAME = "$(TARGET_NAME)";
				REGISTER_APP_GROUPS = YES;
				STRING_CATALOG_GENERATE_SYMBOLS = YES;
				SWIFT_APPROACHABLE_CONCURRENCY = YES;
				SWIFT_DEFAULT_ACTOR_ISOLATION = MainActor;
				SWIFT_EMIT_LOC_STRINGS = YES;
				SWIFT_OBJC_BRIDGING_HEADER = "unbound-macos/unbound-macos-Bridging-Header.h";
				SWIFT_UPCOMING_FEATURE_MEMBER_IMPORT_VISIBILITY = YES;
				SWIFT_VERSION = 5.0;
			};
			name = Release;
		};
/* End XCBuildConfiguration section */

/* Begin XCConfigurationList section */
		1BE07CD2B3B168A8BBD95810 /* Build configuration list for PBXNativeTarget "unbound-macosTests" */ = {
			isa = XCConfigurationList;
			buildConfigurations = (
				BC4A7098996F0AAF18159FF3 /* Debug */,
				258CB57A656F89A5B7B9ABD1 /* Release */,
			);
			defaultConfigurationIsVisible = 0;
			defaultConfigurationName = Release;
		};
		CDD3C14F2EFFB85C00CDEC43 /* Build configuration list for PBXProject "unbound-macos" */ = {
			isa = XCConfigurationList;
			buildConfigurations = (
				CDD3C15D2EFFB85D00CDEC43 /* Debug */,
				CDD3C15E2EFFB85D00CDEC43 /* Release */,
			);
			defaultConfigurationIsVisible = 0;
			defaultConfigurationName = Release;
		};
		CDD3C15F2EFFB85D00CDEC43 /* Build configuration list for PBXNativeTarget "unbound-macos" */ = {
			isa = XCConfigurationList;
			buildConfigurations = (
				CDD3C1602EFFB85D00CDEC43 /* Debug */,
				CDD3C1612EFFB85D00CDEC43 /* Release */,
			);
			defaultConfigurationIsVisible = 0;
			defaultConfigurationName = Release;
		};
/* End XCConfigurationList section */

/* Begin XCLocalSwiftPackageReference section */
		CD79B3C02F03F10A00B37FB3 /* XCLocalSwiftPackageReference "../shared/ClaudeConversationTimeline" */ = {
			isa = XCLocalSwiftPackageReference;
			relativePath = ../shared/ClaudeConversationTimeline;
		};
/* End XCLocalSwiftPackageReference section */

/* Begin XCRemoteSwiftPackageReference section */
		CD79B3B92F03F0FA00B37FB3 /* XCRemoteSwiftPackageReference "SwiftTerm" */ = {
			isa = XCRemoteSwiftPackageReference;
			repositoryURL = "https://github.com/migueldeicaza/SwiftTerm";
			requirement = {
				kind = upToNextMajorVersion;
				minimumVersion = 1.5.0;
			};
		};
		CD79B3BE2F03F0FA00B37FB6 /* XCRemoteSwiftPackageReference "swift-log" */ = {
			isa = XCRemoteSwiftPackageReference;
			repositoryURL = "https://github.com/apple/swift-log.git";
			requirement = {
				kind = upToNextMajorVersion;
				minimumVersion = 1.5.0;
			};
		};
		CDD0B5232F07B6A8002D09F7 /* XCRemoteSwiftPackageReference "supabase-swift" */ = {
			isa = XCRemoteSwiftPackageReference;
			repositoryURL = "https://github.com/supabase/supabase-swift";
			requirement = {
				kind = upToNextMajorVersion;
				minimumVersion = 2.5.1;
			};
		};
		CDD0BA532F097D07002D09F7 /* XCRemoteSwiftPackageReference "GRDB" */ = {
			isa = XCRemoteSwiftPackageReference;
			repositoryURL = "https://github.com/groue/GRDB.swift";
			requirement = {
				branch = master;
				kind = branch;
			};
		};
/* End XCRemoteSwiftPackageReference section */

/* Begin XCSwiftPackageProductDependency section */
		CD79B3BA2F03F0FA00B37FB3 /* SwiftTerm */ = {
			isa = XCSwiftPackageProductDependency;
			package = CD79B3B92F03F0FA00B37FB3 /* XCRemoteSwiftPackageReference "SwiftTerm" */;
			productName = SwiftTerm;
		};
		CD79B3BD2F03F0FA00B37FB5 /* Logging */ = {
			isa = XCSwiftPackageProductDependency;
			package = CD79B3BE2F03F0FA00B37FB6 /* XCRemoteSwiftPackageReference "swift-log" */;
			productName = Logging;
		};
		CD79B3C12F03F10A00B37FB3 /* ClaudeConversationTimeline */ = {
			isa = XCSwiftPackageProductDependency;
			productName = ClaudeConversationTimeline;
		};
		CDD0B5242F07B6A8002D09F7 /* Auth */ = {
			isa = XCSwiftPackageProductDependency;
			package = CDD0B5232F07B6A8002D09F7 /* XCRemoteSwiftPackageReference "supabase-swift" */;
			productName = Auth;
		};
		CDD0B5262F07B6A8002D09F7 /* Functions */ = {
			isa = XCSwiftPackageProductDependency;
			package = CDD0B5232F07B6A8002D09F7 /* XCRemoteSwiftPackageReference "supabase-swift" */;
			productName = Functions;
		};
		CDD0B5282F07B6A8002D09F7 /* PostgREST */ = {
			isa = XCSwiftPackageProductDependency;
			package = CDD0B5232F07B6A8002D09F7 /* XCRemoteSwiftPackageReference "supabase-swift" */;
			productName = PostgREST;
		};
		CDD0B52A2F07B6A8002D09F7 /* Realtime */ = {
			isa = XCSwiftPackageProductDependency;
			package = CDD0B5232F07B6A8002D09F7 /* XCRemoteSwiftPackageReference "supabase-swift" */;
			productName = Realtime;
		};
		CDD0B52C2F07B6A8002D09F7 /* Storage */ = {
			isa = XCSwiftPackageProductDependency;
			package = CDD0B5232F07B6A8002D09F7 /* XCRemoteSwiftPackageReference "supabase-swift" */;
			productName = Storage;
		};
		CDD0B52E2F07B6A8002D09F7 /* Supabase */ = {
			isa = XCSwiftPackageProductDependency;
			package = CDD0B5232F07B6A8002D09F7 /* XCRemoteSwiftPackageReference "supabase-swift" */;
			productName = Supabase;
		};
		CDD0BA542F097D07002D09F7 /* GRDB */ = {
			isa = XCSwiftPackageProductDependency;
			package = CDD0BA532F097D07002D09F7 /* XCRemoteSwiftPackageReference "GRDB" */;
			productName = GRDB;
		};
/* End XCSwiftPackageProductDependency section */
	};
	rootObject = CDD3C14C2EFFB85C00CDEC43 /* Project object */;
}
